{
  "lockfileVersion": 1,
  "configVersion": 0,
  "workspaces": {
    "": {
      "name": "powertools-layer",
      "dependencies": {
        "@aws-lambda-powertools/logger": "^2.0.0",
        "@aws-lambda-powertools/metrics": "^2.0.0",
        "@aws-lambda-powertools/parameters": "^2.0.0",
        "@aws-lambda-powertools/tracer": "^2.0.0",
      },
    },
  },
  "packages": {
    "@aws-lambda-powertools/commons": ["@aws-lambda-powertools/commons@2.28.1", "", {}, "sha512-XZyup4C9gNnxIi5UUNErXudnwursG4F0tXZMaeTsyMslNLwQJp3zl35MTALV4cXx6Fbz1BmdQIUhGBJraKSpnA=="],

    "@aws-lambda-powertools/logger": ["@aws-lambda-powertools/logger@2.28.1", "", { "dependencies": { "@aws-lambda-powertools/commons": "2.28.1", "lodash.merge": "^4.6.2" }, "peerDependencies": { "@aws-lambda-powertools/jmespath": "2.28.1", "@middy/core": "4.x || 5.x || 6.x" }, "optionalPeers": ["@aws-lambda-powertools/jmespath", "@middy/core"] }, "sha512-XbXvcbjA5Uid1ZY1DwuNDxjHIcOtE1G1+hG3iQKZTSq7nq+6kTzQ798/yow69E91cIC78RJCUc2GbXyYq62JJw=="],

    "@aws-lambda-powertools/metrics": ["@aws-lambda-powertools/metrics@2.28.1", "", { "dependencies": { "@aws-lambda-powertools/commons": "2.28.1" }, "peerDependencies": { "@middy/core": "4.x || 5.x || 6.x" }, "optionalPeers": ["@middy/core"] }, "sha512-ZVrIXfTVO2gqdphllj9R2ZLaCh9EqVnBq+ITy1m70ZC+/J+Q4MMZZc2hB+AnMQ5+/31IHFA4xpC6fN3D0MHkQQ=="],

    "@aws-lambda-powertools/parameters": ["@aws-lambda-powertools/parameters@2.28.1", "", { "dependencies": { "@aws-lambda-powertools/commons": "2.28.1" }, "peerDependencies": { "@aws-sdk/client-appconfigdata": ">=3.x", "@aws-sdk/client-dynamodb": ">=3.x", "@aws-sdk/client-secrets-manager": ">=3.x", "@aws-sdk/client-ssm": ">=3.x", "@aws-sdk/util-dynamodb": ">=3.x", "@middy/core": "4.x || 5.x || 6.x" }, "optionalPeers": ["@aws-sdk/client-appconfigdata", "@aws-sdk/client-dynamodb", "@aws-sdk/client-secrets-manager", "@aws-sdk/client-ssm", "@aws-sdk/util-dynamodb", "@middy/core"] }, "sha512-hYHxrTn31/Y+ZM0QGKuIqIjuyki2xw2lI7p9/kWFNKQ2uVP3v7xnZp5b9ZyoXiSeTX8OMG6cit297ZpvAvDAqQ=="],

    "@aws-lambda-powertools/tracer": ["@aws-lambda-powertools/tracer@2.28.1", "", { "dependencies": { "@aws-lambda-powertools/commons": "2.28.1", "aws-xray-sdk-core": "^3.11.0" }, "peerDependencies": { "@middy/core": "4.x || 5.x || 6.x" }, "optionalPeers": ["@middy/core"] }, "sha512-6Fy3TrU+X7Zjl1hs3EvHRPy5Rv4PTOiKYdlaqvo/1FWYlqKnUVaQEfS/ejJnOYOXL16xMMC6y40j7wOTPiTEjw=="],

    "@aws-sdk/types": ["@aws-sdk/types@3.914.0", "", { "dependencies": { "@smithy/types": "^4.8.0", "tslib": "^2.6.2" } }, "sha512-kQWPsRDmom4yvAfyG6L1lMmlwnTzm1XwMHOU+G5IFlsP4YEaMtXidDzW/wiivY0QFrhfCz/4TVmu0a2aPU57ug=="],

    "@aws/lambda-invoke-store": ["@aws/lambda-invoke-store@0.0.1", "", {}, "sha512-ORHRQ2tmvnBXc8t/X9Z8IcSbBA4xTLKuN873FopzklHMeqBst7YG0d+AX97inkvDX+NChYtSr+qGfcqGFaI8Zw=="],

    "@smithy/service-error-classification": ["@smithy/service-error-classification@2.1.5", "", { "dependencies": { "@smithy/types": "^2.12.0" } }, "sha512-uBDTIBBEdAQryvHdc5W8sS5YX7RQzF683XrHePVdFmAgKiMofU15FLSM0/HU03hKTnazdNRFa0YHS7+ArwoUSQ=="],

    "@smithy/types": ["@smithy/types@4.8.0", "", { "dependencies": { "tslib": "^2.6.2" } }, "sha512-QpELEHLO8SsQVtqP+MkEgCYTFW0pleGozfs3cZ183ZBj9z3VC1CX1/wtFMK64p+5bhtZo41SeLK1rBRtd25nHQ=="],

    "@types/cls-hooked": ["@types/cls-hooked@4.3.9", "", { "dependencies": { "@types/node": "*" } }, "sha512-CMtHMz6Q/dkfcHarq9nioXH8BDPP+v5xvd+N90lBQ2bdmu06UvnLDqxTKoOJzz4SzIwb/x9i4UXGAAcnUDuIvg=="],

    "@types/node": ["@types/node@24.9.1", "", { "dependencies": { "undici-types": "~7.16.0" } }, "sha512-QoiaXANRkSXK6p0Duvt56W208du4P9Uye9hWLWgGMDTEoKPhuenzNcC4vGUmrNkiOKTlIrBoyNQYNpSwfEZXSg=="],

    "async-hook-jl": ["async-hook-jl@1.7.6", "", { "dependencies": { "stack-chain": "^1.3.7" } }, "sha512-gFaHkFfSxTjvoxDMYqDuGHlcRyUuamF8s+ZTtJdDzqjws4mCt7v0vuV79/E2Wr2/riMQgtG4/yUtXWs1gZ7JMg=="],

    "atomic-batcher": ["atomic-batcher@1.0.2", "", {}, "sha512-EFGCRj4kLX1dHv1cDzTk+xbjBFj1GnJDpui52YmEcxxHHEWjYyT6l51U7n6WQ28osZH4S9gSybxe56Vm7vB61Q=="],

    "aws-xray-sdk-core": ["aws-xray-sdk-core@3.11.0", "", { "dependencies": { "@aws-sdk/types": "^3.4.1", "@aws/lambda-invoke-store": "^0.0.1", "@smithy/service-error-classification": "^2.0.4", "@types/cls-hooked": "^4.3.3", "atomic-batcher": "^1.0.2", "cls-hooked": "^4.2.2", "semver": "^7.5.3" } }, "sha512-b7RRs3/twrsCxb113ZgycyaYcXJUQADFMKTiAfzRJu/2hBD2UZkyrjrh8BNTwQ5PUJJmHLoapv1uhpJFk3qKvQ=="],

    "cls-hooked": ["cls-hooked@4.2.2", "", { "dependencies": { "async-hook-jl": "^1.7.6", "emitter-listener": "^1.0.1", "semver": "^5.4.1" } }, "sha512-J4Xj5f5wq/4jAvcdgoGsL3G103BtWpZrMo8NEinRltN+xpTZdI+M38pyQqhuFU/P792xkMFvnKSf+Lm81U1bxw=="],

    "emitter-listener": ["emitter-listener@1.1.2", "", { "dependencies": { "shimmer": "^1.2.0" } }, "sha512-Bt1sBAGFHY9DKY+4/2cV6izcKJUf5T7/gkdmkxzX/qv9CcGH8xSwVRW5mtX03SWJtRTWSOpzCuWN9rBFYZepZQ=="],

    "lodash.merge": ["lodash.merge@4.6.2", "", {}, "sha512-0KpjqXRVvrYyCsX1swR/XTK0va6VQkQM6MNo7PqW77ByjAhoARA8EfrP1N4+KlKj8YS0ZUCtRT/YUuhyYDujIQ=="],

    "semver": ["semver@7.7.3", "", { "bin": "bin/semver.js" }, "sha512-SdsKMrI9TdgjdweUSR9MweHA4EJ8YxHn8DFaDisvhVlUOe4BF1tLD7GAj0lIqWVl+dPb/rExr0Btby5loQm20Q=="],

    "shimmer": ["shimmer@1.2.1", "", {}, "sha512-sQTKC1Re/rM6XyFM6fIAGHRPVGvyXfgzIDvzoq608vM+jeyVD0Tu1E6Np0Kc2zAIFWIj963V2800iF/9LPieQw=="],

    "stack-chain": ["stack-chain@1.3.7", "", {}, "sha512-D8cWtWVdIe/jBA7v5p5Hwl5yOSOrmZPWDPe2KxQ5UAGD+nxbxU0lKXA4h85Ta6+qgdKVL3vUxsbIZjc1kBG7ug=="],

    "tslib": ["tslib@2.8.1", "", {}, "sha512-oJFu94HQb+KVduSUQL7wnpmqnfmLsOA/nAh6b6EH0wCEoK0/mPeXU6c3wKDV83MkOuHPRHtSXKKU99IBazS/2w=="],

    "undici-types": ["undici-types@7.16.0", "", {}, "sha512-Zz+aZWSj8LE6zoxD+xrjh4VfkIG8Ya6LvYkZqtUQGJPZjYl53ypCaUwWqo7eI0x66KBGeRo+mlBEkMSeSZ38Nw=="],

    "@smithy/service-error-classification/@smithy/types": ["@smithy/types@2.12.0", "", { "dependencies": { "tslib": "^2.6.2" } }, "sha512-QwYgloJ0sVNBeBuBs65cIkTbfzV/Q6ZNPCJ99EICFEdJYG50nGIY/uYXp+TbsdJReIuPr0a0kXmCvren3MbRRw=="],

    "cls-hooked/semver": ["semver@5.7.2", "", { "bin": "bin/semver" }, "sha512-cBznnQ9KjJqU67B52RMC65CMarK2600WFnbkcaiwWq3xy/5haFJlshgnpjovMVJ+Hff49d8GEn0b87C5pDQ10g=="],
  }
}
